
Microsoft Visual Studio Solution File, Format Version 12.00
# Visual Studio 2013
VisualStudioVersion = 12.0.31101.0
MinimumVisualStudioVersion = 10.0.40219.1
Project("{151D2E53-A2C4-4D7D-83FE-D05416EBD58E}") = "ARMPXC.Deployment", "ARMPXC.Deployment\ARMPXC.Deployment.deployproj", "{1D426EEE-2314-431B-8651-7BCE5B6E237F}"
EndProject
Global
	GlobalSection(SolutionConfigurationPlatforms) = preSolution
		Debug|Any CPU = Debug|Any CPU
		Release|Any CPU = Release|Any CPU
	EndGlobalSection
	GlobalSection(ProjectConfigurationPlatforms) = postSolution
		{1D426EEE-2314-431B-8651-7BCE5B6E237F}.Debug|Any CPU.ActiveCfg = Debug|Any CPU
		{1D426EEE-2314-431B-8651-7BCE5B6E237F}.Debug|Any CPU.Build.0 = Debug|Any CPU
		{1D426EEE-2314-431B-8651-7BCE5B6E237F}.Release|Any CPU.ActiveCfg = Release|Any CPU
		{1D426EEE-2314-431B-8651-7BCE5B6E237F}.Release|Any CPU.Build.0 = Release|Any CPU
	EndGlobalSection
	GlobalSection(SolutionProperties) = preSolution
		HideSolutionNode = FALSE
	EndGlobalSection
EndGlobal
