
Microsoft Visual Studio Solution File, Format Version 12.00
# Visual Studio 2013
VisualStudioVersion = 12.0.30723.0
MinimumVisualStudioVersion = 10.0.40219.1
Project("{FAE04EC0-301F-11D3-BF4B-00C04F79EFBC}") = "SQLSyncTest", "SQLSyncTest\SQLSyncTest.csproj", "{6E06BDA3-1A35-4ABF-86CD-2695D591C691}"
EndProject
Project("{FAE04EC0-301F-11D3-BF4B-00C04F79EFBC}") = "SyncMonSite", "SyncMonSite\SyncMonSite.csproj", "{09DE9C8C-D906-4D7F-919A-B9919F8ADFE7}"
EndProject
Global
	GlobalSection(SolutionConfigurationPlatforms) = preSolution
		Debug|Any CPU = Debug|Any CPU
		Release|Any CPU = Release|Any CPU
	EndGlobalSection
	GlobalSection(ProjectConfigurationPlatforms) = postSolution
		{6E06BDA3-1A35-4ABF-86CD-2695D591C691}.Debug|Any CPU.ActiveCfg = Debug|Any CPU
		{6E06BDA3-1A35-4ABF-86CD-2695D591C691}.Debug|Any CPU.Build.0 = Debug|Any CPU
		{6E06BDA3-1A35-4ABF-86CD-2695D591C691}.Release|Any CPU.ActiveCfg = Release|Any CPU
		{6E06BDA3-1A35-4ABF-86CD-2695D591C691}.Release|Any CPU.Build.0 = Release|Any CPU
		{09DE9C8C-D906-4D7F-919A-B9919F8ADFE7}.Debug|Any CPU.ActiveCfg = Debug|Any CPU
		{09DE9C8C-D906-4D7F-919A-B9919F8ADFE7}.Debug|Any CPU.Build.0 = Debug|Any CPU
		{09DE9C8C-D906-4D7F-919A-B9919F8ADFE7}.Release|Any CPU.ActiveCfg = Release|Any CPU
		{09DE9C8C-D906-4D7F-919A-B9919F8ADFE7}.Release|Any CPU.Build.0 = Release|Any CPU
	EndGlobalSection
	GlobalSection(SolutionProperties) = preSolution
		HideSolutionNode = FALSE
	EndGlobalSection
EndGlobal
