
Microsoft Visual Studio Solution File, Format Version 12.00
# Visual Studio 15
VisualStudioVersion = 15.0.27004.2002
MinimumVisualStudioVersion = 10.0.40219.1
Project("{FAE04EC0-301F-11D3-BF4B-00C04F79EFBC}") = "testappdomain", "testappdomain\testappdomain.csproj", "{D040A9E7-3D6B-49E5-BAA0-3D15B8282A2B}"
EndProject
Project("{FAE04EC0-301F-11D3-BF4B-00C04F79EFBC}") = "mylib", "mylib\mylib.csproj", "{0F517562-AB1A-4B8D-ADCF-12D91952C65C}"
EndProject
Global
	GlobalSection(SolutionConfigurationPlatforms) = preSolution
		Debug|Any CPU = Debug|Any CPU
		Release|Any CPU = Release|Any CPU
	EndGlobalSection
	GlobalSection(ProjectConfigurationPlatforms) = postSolution
		{D040A9E7-3D6B-49E5-BAA0-3D15B8282A2B}.Debug|Any CPU.ActiveCfg = Debug|Any CPU
		{D040A9E7-3D6B-49E5-BAA0-3D15B8282A2B}.Debug|Any CPU.Build.0 = Debug|Any CPU
		{D040A9E7-3D6B-49E5-BAA0-3D15B8282A2B}.Release|Any CPU.ActiveCfg = Release|Any CPU
		{D040A9E7-3D6B-49E5-BAA0-3D15B8282A2B}.Release|Any CPU.Build.0 = Release|Any CPU
		{0F517562-AB1A-4B8D-ADCF-12D91952C65C}.Debug|Any CPU.ActiveCfg = Debug|Any CPU
		{0F517562-AB1A-4B8D-ADCF-12D91952C65C}.Debug|Any CPU.Build.0 = Debug|Any CPU
		{0F517562-AB1A-4B8D-ADCF-12D91952C65C}.Release|Any CPU.ActiveCfg = Release|Any CPU
		{0F517562-AB1A-4B8D-ADCF-12D91952C65C}.Release|Any CPU.Build.0 = Release|Any CPU
	EndGlobalSection
	GlobalSection(SolutionProperties) = preSolution
		HideSolutionNode = FALSE
	EndGlobalSection
	GlobalSection(ExtensibilityGlobals) = postSolution
		SolutionGuid = {A5F0CFE2-0F29-413A-8512-88B9780F8277}
	EndGlobalSection
EndGlobal
