
Microsoft Visual Studio Solution File, Format Version 12.00
# Visual Studio 2013
VisualStudioVersion = 12.0.31101.0
MinimumVisualStudioVersion = 10.0.40219.1
Project("{2150E333-8FDC-42A3-9474-1A3956D46DE8}") = "Solution Items", "Solution Items", "{AB6BC250-CD3E-4C05-8D5D-382055410F2B}"
	ProjectSection(SolutionItems) = preProject
		azuredeploy-parameters.json = azuredeploy-parameters.json
		azuredeploy.json = azuredeploy.json
		data-node.json = data-node.json
		master-node.json = master-node.json
		setup-cloudera.json = setup-cloudera.json
		shared-resources.json = shared-resources.json
	EndProjectSection
EndProject
Project("{2150E333-8FDC-42A3-9474-1A3956D46DE8}") = "scripts", "scripts", "{BA552F27-9F6F-4C90-83E3-06CCE02F0640}"
	ProjectSection(SolutionItems) = preProject
		scripts\bootstrap-cloudera.sh = scripts\bootstrap-cloudera.sh
		scripts\cmxDeployOnIbiza.py = scripts\cmxDeployOnIbiza.py
		scripts\initialize-cloudera-server.sh = scripts\initialize-cloudera-server.sh
		scripts\initialize-node.sh = scripts\initialize-node.sh
		scripts\install-postgresql.sh = scripts\install-postgresql.sh
		scripts\prepare-datanode-disks.sh = scripts\prepare-datanode-disks.sh
		scripts\prepare-masternode-disks.sh = scripts\prepare-masternode-disks.sh
	EndProjectSection
EndProject
Global
	GlobalSection(SolutionProperties) = preSolution
		HideSolutionNode = FALSE
	EndGlobalSection
	GlobalSection(NestedProjects) = preSolution
		{BA552F27-9F6F-4C90-83E3-06CCE02F0640} = {AB6BC250-CD3E-4C05-8D5D-382055410F2B}
	EndGlobalSection
EndGlobal
