
Microsoft Visual Studio Solution File, Format Version 12.00
# Visual Studio 14
VisualStudioVersion = 14.0.25420.1
MinimumVisualStudioVersion = 10.0.40219.1
Project("{2150E333-8FDC-42A3-9474-1A3956D46DE8}") = "Solution Items", "Solution Items", "{C035C165-97BB-47CC-902E-B6C6E7CB548F}"
	ProjectSection(SolutionItems) = preProject
		azuredeploy.json = azuredeploy.json
		azuredeploy.parameters.json = azuredeploy.parameters.json
		cluster.conf = cluster.conf
		createUploadKey.txt = createUploadKey.txt
		initializeNode.sh = initializeNode.sh
		README.md = README.md
		setup-cluster.json = setup-cluster.json
		vnet-existing.json = vnet-existing.json
		vnet-new.json = vnet-new.json
	EndProjectSection
EndProject
Global
	GlobalSection(SolutionProperties) = preSolution
		HideSolutionNode = FALSE
	EndGlobalSection
EndGlobal
